
Microsoft Visual Studio Solution File, Format Version 12.00
# Visual Studio Version 17
VisualStudioVersion = 17.0.32112.339
MinimumVisualStudioVersion = 10.0.40219.1
Project("{9A19103F-16F7-4668-BE54-9A1E7A4F7556}") = "Application", "Application\Application.csproj", "{5B19F0AE-F568-44B4-B1EC-509D9DC462B2}"
EndProject
Project("{9A19103F-16F7-4668-BE54-9A1E7A4F7556}") = "Domain", "Domain\Domain.csproj", "{55FFC737-E393-4C26-83B7-82FBCF010427}"
EndProject
Project("{9A19103F-16F7-4668-BE54-9A1E7A4F7556}") = "Persistence", "Persistence\Persistence.csproj", "{EF59126D-C422-4B55-923D-1932F43DC7ED}"
EndProject
Project("{FAE04EC0-301F-11D3-BF4B-00C04F79EFBC}") = "API", "API\API.csproj", "{58FDE450-BAED-4CA8-97B4-62E32DAB2425}"
EndProject
Project("{FAE04EC0-301F-11D3-BF4B-00C04F79EFBC}") = "Infrastructure", "Infrastructure\Infrastructure.csproj", "{F344A166-32B4-4423-BF1F-15617ED5229D}"
EndProject
Global
	GlobalSection(SolutionConfigurationPlatforms) = preSolution
		Debug|Any CPU = Debug|Any CPU
		Release|Any CPU = Release|Any CPU
	EndGlobalSection
	GlobalSection(ProjectConfigurationPlatforms) = postSolution
		{5B19F0AE-F568-44B4-B1EC-509D9DC462B2}.Debug|Any CPU.ActiveCfg = Debug|Any CPU
		{5B19F0AE-F568-44B4-B1EC-509D9DC462B2}.Debug|Any CPU.Build.0 = Debug|Any CPU
		{5B19F0AE-F568-44B4-B1EC-509D9DC462B2}.Release|Any CPU.ActiveCfg = Release|Any CPU
		{5B19F0AE-F568-44B4-B1EC-509D9DC462B2}.Release|Any CPU.Build.0 = Release|Any CPU
		{55FFC737-E393-4C26-83B7-82FBCF010427}.Debug|Any CPU.ActiveCfg = Debug|Any CPU
		{55FFC737-E393-4C26-83B7-82FBCF010427}.Debug|Any CPU.Build.0 = Debug|Any CPU
		{55FFC737-E393-4C26-83B7-82FBCF010427}.Release|Any CPU.ActiveCfg = Release|Any CPU
		{55FFC737-E393-4C26-83B7-82FBCF010427}.Release|Any CPU.Build.0 = Release|Any CPU
		{EF59126D-C422-4B55-923D-1932F43DC7ED}.Debug|Any CPU.ActiveCfg = Debug|Any CPU
		{EF59126D-C422-4B55-923D-1932F43DC7ED}.Debug|Any CPU.Build.0 = Debug|Any CPU
		{EF59126D-C422-4B55-923D-1932F43DC7ED}.Release|Any CPU.ActiveCfg = Release|Any CPU
		{EF59126D-C422-4B55-923D-1932F43DC7ED}.Release|Any CPU.Build.0 = Release|Any CPU
		{58FDE450-BAED-4CA8-97B4-62E32DAB2425}.Debug|Any CPU.ActiveCfg = Debug|Any CPU
		{58FDE450-BAED-4CA8-97B4-62E32DAB2425}.Debug|Any CPU.Build.0 = Debug|Any CPU
		{58FDE450-BAED-4CA8-97B4-62E32DAB2425}.Release|Any CPU.ActiveCfg = Release|Any CPU
		{58FDE450-BAED-4CA8-97B4-62E32DAB2425}.Release|Any CPU.Build.0 = Release|Any CPU
		{F344A166-32B4-4423-BF1F-15617ED5229D}.Debug|Any CPU.ActiveCfg = Debug|Any CPU
		{F344A166-32B4-4423-BF1F-15617ED5229D}.Debug|Any CPU.Build.0 = Debug|Any CPU
		{F344A166-32B4-4423-BF1F-15617ED5229D}.Release|Any CPU.ActiveCfg = Release|Any CPU
		{F344A166-32B4-4423-BF1F-15617ED5229D}.Release|Any CPU.Build.0 = Release|Any CPU
	EndGlobalSection
	GlobalSection(SolutionProperties) = preSolution
		HideSolutionNode = FALSE
	EndGlobalSection
	GlobalSection(ExtensibilityGlobals) = postSolution
		SolutionGuid = {5021F201-28CF-40F3-86A9-56D4629CAFD9}
	EndGlobalSection
EndGlobal
